
Microsoft Visual Studio Solution File, Format Version 12.00
# Visual Studio Version 16
VisualStudioVersion = 16.0.32802.440
MinimumVisualStudioVersion = 10.0.40219.1
Project("{FAE04EC0-301F-11D3-BF4B-00C04F79EFBC}") = "CleanArchMvc.Domain", "CleanArchMvc.Domain\CleanArchMvc.Domain.csproj", "{71B9BE43-9B96-46CA-8BA3-6FCA7D3329E5}"
EndProject
Project("{FAE04EC0-301F-11D3-BF4B-00C04F79EFBC}") = "CleanArchMvc.Application", "CleanArchMvc.Application\CleanArchMvc.Application.csproj", "{A3886D35-653E-44F4-98B1-72512A1148F9}"
EndProject
Global
	GlobalSection(SolutionConfigurationPlatforms) = preSolution
		Debug|Any CPU = Debug|Any CPU
		Release|Any CPU = Release|Any CPU
	EndGlobalSection
	GlobalSection(ProjectConfigurationPlatforms) = postSolution
		{71B9BE43-9B96-46CA-8BA3-6FCA7D3329E5}.Debug|Any CPU.ActiveCfg = Debug|Any CPU
		{71B9BE43-9B96-46CA-8BA3-6FCA7D3329E5}.Debug|Any CPU.Build.0 = Debug|Any CPU
		{71B9BE43-9B96-46CA-8BA3-6FCA7D3329E5}.Release|Any CPU.ActiveCfg = Release|Any CPU
		{71B9BE43-9B96-46CA-8BA3-6FCA7D3329E5}.Release|Any CPU.Build.0 = Release|Any CPU
		{A3886D35-653E-44F4-98B1-72512A1148F9}.Debug|Any CPU.ActiveCfg = Debug|Any CPU
		{A3886D35-653E-44F4-98B1-72512A1148F9}.Debug|Any CPU.Build.0 = Debug|Any CPU
		{A3886D35-653E-44F4-98B1-72512A1148F9}.Release|Any CPU.ActiveCfg = Release|Any CPU
		{A3886D35-653E-44F4-98B1-72512A1148F9}.Release|Any CPU.Build.0 = Release|Any CPU
	EndGlobalSection
	GlobalSection(SolutionProperties) = preSolution
		HideSolutionNode = FALSE
	EndGlobalSection
	GlobalSection(ExtensibilityGlobals) = postSolution
		SolutionGuid = {6AD6E99B-E4D4-4C3A-B01F-B540955F5478}
	EndGlobalSection
EndGlobal
